
Microsoft Visual Studio Solution File, Format Version 12.00
# Visual Studio Version 16
VisualStudioVersion = 16.0.31702.278
MinimumVisualStudioVersion = 10.0.40219.1
Project("{FAE04EC0-301F-11D3-BF4B-00C04F79EFBC}") = "CrystalReportsApplication1", "CrystalReportsApplication1\CrystalReportsApplication1.csproj", "{E98DE737-3D88-4E6F-BEF0-FCCE4E65049D}"
EndProject
Project("{FAE04EC0-301F-11D3-BF4B-00C04F79EFBC}") = "CrystalReportsApplication2", "CrystalReportsApplication2\CrystalReportsApplication2.csproj", "{8985C47B-A044-45FE-AEA9-2A6AF943D9B0}"
EndProject
Global
	GlobalSection(SolutionConfigurationPlatforms) = preSolution
		Debug|Any CPU = Debug|Any CPU
		Release|Any CPU = Release|Any CPU
	EndGlobalSection
	GlobalSection(ProjectConfigurationPlatforms) = postSolution
		{E98DE737-3D88-4E6F-BEF0-FCCE4E65049D}.Debug|Any CPU.ActiveCfg = Debug|Any CPU
		{E98DE737-3D88-4E6F-BEF0-FCCE4E65049D}.Debug|Any CPU.Build.0 = Debug|Any CPU
		{E98DE737-3D88-4E6F-BEF0-FCCE4E65049D}.Release|Any CPU.ActiveCfg = Release|Any CPU
		{E98DE737-3D88-4E6F-BEF0-FCCE4E65049D}.Release|Any CPU.Build.0 = Release|Any CPU
		{8985C47B-A044-45FE-AEA9-2A6AF943D9B0}.Debug|Any CPU.ActiveCfg = Debug|Any CPU
		{8985C47B-A044-45FE-AEA9-2A6AF943D9B0}.Debug|Any CPU.Build.0 = Debug|Any CPU
		{8985C47B-A044-45FE-AEA9-2A6AF943D9B0}.Release|Any CPU.ActiveCfg = Release|Any CPU
		{8985C47B-A044-45FE-AEA9-2A6AF943D9B0}.Release|Any CPU.Build.0 = Release|Any CPU
	EndGlobalSection
	GlobalSection(SolutionProperties) = preSolution
		HideSolutionNode = FALSE
	EndGlobalSection
	GlobalSection(ExtensibilityGlobals) = postSolution
		SolutionGuid = {D3A3C617-0FC1-4C02-9475-191D2FD3BBAE}
	EndGlobalSection
EndGlobal
